
Microsoft Visual Studio Solution File, Format Version 11.00
# Visual Studio 2010
Project("{FAE04EC0-301F-11D3-BF4B-00C04F79EFBC}") = "ChanLib", "ChanLib\ChanLib.csproj", "{4D1832F5-8FBD-4E23-A825-93F3EACFFC21}"
EndProject
Project("{FAE04EC0-301F-11D3-BF4B-00C04F79EFBC}") = "Examples", "Examples\Examples.csproj", "{FF6D7C69-42CD-4B91-A525-0B1F890897D9}"
EndProject
Global
	GlobalSection(SolutionConfigurationPlatforms) = preSolution
		Debug|Any CPU = Debug|Any CPU
		Release|Any CPU = Release|Any CPU
	EndGlobalSection
	GlobalSection(ProjectConfigurationPlatforms) = postSolution
		{4D1832F5-8FBD-4E23-A825-93F3EACFFC21}.Debug|Any CPU.ActiveCfg = Debug|Any CPU
		{4D1832F5-8FBD-4E23-A825-93F3EACFFC21}.Debug|Any CPU.Build.0 = Debug|Any CPU
		{4D1832F5-8FBD-4E23-A825-93F3EACFFC21}.Release|Any CPU.ActiveCfg = Release|Any CPU
		{4D1832F5-8FBD-4E23-A825-93F3EACFFC21}.Release|Any CPU.Build.0 = Release|Any CPU
		{FF6D7C69-42CD-4B91-A525-0B1F890897D9}.Debug|Any CPU.ActiveCfg = Debug|Any CPU
		{FF6D7C69-42CD-4B91-A525-0B1F890897D9}.Debug|Any CPU.Build.0 = Debug|Any CPU
		{FF6D7C69-42CD-4B91-A525-0B1F890897D9}.Release|Any CPU.ActiveCfg = Release|Any CPU
		{FF6D7C69-42CD-4B91-A525-0B1F890897D9}.Release|Any CPU.Build.0 = Release|Any CPU
	EndGlobalSection
	GlobalSection(SolutionProperties) = preSolution
		HideSolutionNode = FALSE
	EndGlobalSection
EndGlobal
